// !$*UTF8*$!
{
	archiveVersion = 1;
	classes = {
	};
	objectVersion = 46;
	objects = {

/* Begin PBXBuildFile section */
		8425E41E1DF53BD4008EAFEF /* AppDelegate.swift in Sources */ = {isa = PBXBuildFile; fileRef = 8425E41D1DF53BD4008EAFEF /* AppDelegate.swift */; };
		8425E4231DF53BD4008EAFEF /* Main.storyboard in Resources */ = {isa = PBXBuildFile; fileRef = 8425E4211DF53BD4008EAFEF /* Main.storyboard */; };
		8425E4251DF53BD4008EAFEF /* Assets.xcassets in Resources */ = {isa = PBXBuildFile; fileRef = 8425E4241DF53BD4008EAFEF /* Assets.xcassets */; };
		8425E4281DF53BD4008EAFEF /* LaunchScreen.storyboard in Resources */ = {isa = PBXBuildFile; fileRef = 8425E4261DF53BD4008EAFEF /* LaunchScreen.storyboard */; };
		8425E4331DF53BD5008EAFEF /* DYTests.swift in Sources */ = {isa = PBXBuildFile; fileRef = 8425E4321DF53BD5008EAFEF /* DYTests.swift */; };
		8425E43E1DF53BD5008EAFEF /* DYUITests.swift in Sources */ = {isa = PBXBuildFile; fileRef = 8425E43D1DF53BD5008EAFEF /* DYUITests.swift */; };
		84CCA4851DF54E5400A42E03 /* MainViewController.swift in Sources */ = {isa = PBXBuildFile; fileRef = 84CCA4841DF54E5400A42E03 /* MainViewController.swift */; };
		84CCA4871DF550AD00A42E03 /* Home.storyboard in Resources */ = {isa = PBXBuildFile; fileRef = 84CCA4861DF550AD00A42E03 /* Home.storyboard */; };
		84CCA4891DF550C400A42E03 /* Live.storyboard in Resources */ = {isa = PBXBuildFile; fileRef = 84CCA4881DF550C400A42E03 /* Live.storyboard */; };
		84CCA48B1DF550CE00A42E03 /* Follow.storyboard in Resources */ = {isa = PBXBuildFile; fileRef = 84CCA48A1DF550CE00A42E03 /* Follow.storyboard */; };
		84CCA48D1DF550DB00A42E03 /* Profile.storyboard in Resources */ = {isa = PBXBuildFile; fileRef = 84CCA48C1DF550DB00A42E03 /* Profile.storyboard */; };
/* End PBXBuildFile section */

/* Begin PBXContainerItemProxy section */
		8425E42F1DF53BD5008EAFEF /* PBXContainerItemProxy */ = {
			isa = PBXContainerItemProxy;
			containerPortal = 8425E4121DF53BD4008EAFEF /* Project object */;
			proxyType = 1;
			remoteGlobalIDString = 8425E4191DF53BD4008EAFEF;
			remoteInfo = DY;
		};
		8425E43A1DF53BD5008EAFEF /* PBXContainerItemProxy */ = {
			isa = PBXContainerItemProxy;
			containerPortal = 8425E4121DF53BD4008EAFEF /* Project object */;
			proxyType = 1;
			remoteGlobalIDString = 8425E4191DF53BD4008EAFEF;
			remoteInfo = DY;
		};
/* End PBXContainerItemProxy section */

/* Begin PBXFileReference section */
		8425E41A1DF53BD4008EAFEF /* DY.app */ = {isa = PBXFileReference; explicitFileType = wrapper.application; includeInIndex = 0; path = DY.app; sourceTree = BUILT_PRODUCTS_DIR; };
		8425E41D1DF53BD4008EAFEF /* AppDelegate.swift */ = {isa = PBXFileReference; lastKnownFileType = sourcecode.swift; path = AppDelegate.swift; sourceTree = "<group>"; };
		8425E4221DF53BD4008EAFEF /* Base */ = {isa = PBXFileReference; lastKnownFileType = file.storyboard; name = Base; path = Base.lproj/Main.storyboard; sourceTree = "<group>"; };
		8425E4241DF53BD4008EAFEF /* Assets.xcassets */ = {isa = PBXFileReference; lastKnownFileType = folder.assetcatalog; path = Assets.xcassets; sourceTree = "<group>"; };
		8425E4271DF53BD4008EAFEF /* Base */ = {isa = PBXFileReference; lastKnownFileType = file.storyboard; name = Base; path = Base.lproj/LaunchScreen.storyboard; sourceTree = "<group>"; };
		8425E4291DF53BD4008EAFEF /* Info.plist */ = {isa = PBXFileReference; lastKnownFileType = text.plist.xml; path = Info.plist; sourceTree = "<group>"; };
		8425E42E1DF53BD5008EAFEF /* DYTests.xctest */ = {isa = PBXFileReference; explicitFileType = wrapper.cfbundle; includeInIndex = 0; path = DYTests.xctest; sourceTree = BUILT_PRODUCTS_DIR; };
		8425E4321DF53BD5008EAFEF /* DYTests.swift */ = {isa = PBXFileReference; lastKnownFileType = sourcecode.swift; path = DYTests.swift; sourceTree = "<group>"; };
		8425E4341DF53BD5008EAFEF /* Info.plist */ = {isa = PBXFileReference; lastKnownFileType = text.plist.xml; path = Info.plist; sourceTree = "<group>"; };
		8425E4391DF53BD5008EAFEF /* DYUITests.xctest */ = {isa = PBXFileReference; explicitFileType = wrapper.cfbundle; includeInIndex = 0; path = DYUITests.xctest; sourceTree = BUILT_PRODUCTS_DIR; };
		8425E43D1DF53BD5008EAFEF /* DYUITests.swift */ = {isa = PBXFileReference; lastKnownFileType = sourcecode.swift; path = DYUITests.swift; sourceTree = "<group>"; };
		8425E43F1DF53BD5008EAFEF /* Info.plist */ = {isa = PBXFileReference; lastKnownFileType = text.plist.xml; path = Info.plist; sourceTree = "<group>"; };
		84CCA4841DF54E5400A42E03 /* MainViewController.swift */ = {isa = PBXFileReference; fileEncoding = 4; lastKnownFileType = sourcecode.swift; path = MainViewController.swift; sourceTree = "<group>"; };
		84CCA4861DF550AD00A42E03 /* Home.storyboard */ = {isa = PBXFileReference; fileEncoding = 4; lastKnownFileType = file.storyboard; path = Home.storyboard; sourceTree = "<group>"; };
		84CCA4881DF550C400A42E03 /* Live.storyboard */ = {isa = PBXFileReference; fileEncoding = 4; lastKnownFileType = file.storyboard; path = Live.storyboard; sourceTree = "<group>"; };
		84CCA48A1DF550CE00A42E03 /* Follow.storyboard */ = {isa = PBXFileReference; fileEncoding = 4; lastKnownFileType = file.storyboard; path = Follow.storyboard; sourceTree = "<group>"; };
		84CCA48C1DF550DB00A42E03 /* Profile.storyboard */ = {isa = PBXFileReference; fileEncoding = 4; lastKnownFileType = file.storyboard; path = Profile.storyboard; sourceTree = "<group>"; };
/* End PBXFileReference section */

/* Begin PBXFrameworksBuildPhase section */
		8425E4171DF53BD4008EAFEF /* Frameworks */ = {
			isa = PBXFrameworksBuildPhase;
			buildActionMask = 2147483647;
			files = (
			);
			runOnlyForDeploymentPostprocessing = 0;
		};
		8425E42B1DF53BD5008EAFEF /* Frameworks */ = {
			isa = PBXFrameworksBuildPhase;
			buildActionMask = 2147483647;
			files = (
			);
			runOnlyForDeploymentPostprocessing = 0;
		};
		8425E4361DF53BD5008EAFEF /* Frameworks */ = {
			isa = PBXFrameworksBuildPhase;
			buildActionMask = 2147483647;
			files = (
			);
			runOnlyForDeploymentPostprocessing = 0;
		};
/* End PBXFrameworksBuildPhase section */

/* Begin PBXGroup section */
		8425E4111DF53BD4008EAFEF = {
			isa = PBXGroup;
			children = (
				8425E41C1DF53BD4008EAFEF /* DY */,
				8425E4311DF53BD5008EAFEF /* DYTests */,
				8425E43C1DF53BD5008EAFEF /* DYUITests */,
				8425E41B1DF53BD4008EAFEF /* Products */,
			);
			sourceTree = "<group>";
		};
		8425E41B1DF53BD4008EAFEF /* Products */ = {
			isa = PBXGroup;
			children = (
				8425E41A1DF53BD4008EAFEF /* DY.app */,
				8425E42E1DF53BD5008EAFEF /* DYTests.xctest */,
				8425E4391DF53BD5008EAFEF /* DYUITests.xctest */,
			);
			name = Products;
			sourceTree = "<group>";
		};
		8425E41C1DF53BD4008EAFEF /* DY */ = {
			isa = PBXGroup;
			children = (
				84CCA4731DF5450D00A42E03 /* Classess */,
				8425E41D1DF53BD4008EAFEF /* AppDelegate.swift */,
				8425E4241DF53BD4008EAFEF /* Assets.xcassets */,
				8425E4261DF53BD4008EAFEF /* LaunchScreen.storyboard */,
				8425E4291DF53BD4008EAFEF /* Info.plist */,
			);
			path = DY;
			sourceTree = "<group>";
		};
		8425E4311DF53BD5008EAFEF /* DYTests */ = {
			isa = PBXGroup;
			children = (
				8425E4321DF53BD5008EAFEF /* DYTests.swift */,
				8425E4341DF53BD5008EAFEF /* Info.plist */,
			);
			path = DYTests;
			sourceTree = "<group>";
		};
		8425E43C1DF53BD5008EAFEF /* DYUITests */ = {
			isa = PBXGroup;
			children = (
				8425E43D1DF53BD5008EAFEF /* DYUITests.swift */,
				8425E43F1DF53BD5008EAFEF /* Info.plist */,
			);
			path = DYUITests;
			sourceTree = "<group>";
		};
		84CCA4731DF5450D00A42E03 /* Classess */ = {
			isa = PBXGroup;
			children = (
				84CCA4771DF5450D00A42E03 /* Main */,
				84CCA4751DF5450D00A42E03 /* Home */,
				84CCA4761DF5450D00A42E03 /* Live */,
				84CCA4741DF5450D00A42E03 /* Follow */,
				84CCA4781DF5450D00A42E03 /* Profile */,
				84CCA4791DF5450D00A42E03 /* Tools */,
			);
			path = Classess;
			sourceTree = "<group>";
		};
		84CCA4741DF5450D00A42E03 /* Follow */ = {
			isa = PBXGroup;
			children = (
				84CCA48A1DF550CE00A42E03 /* Follow.storyboard */,
			);
			path = Follow;
			sourceTree = "<group>";
		};
		84CCA4751DF5450D00A42E03 /* Home */ = {
			isa = PBXGroup;
			children = (
				84CCA4861DF550AD00A42E03 /* Home.storyboard */,
			);
			path = Home;
			sourceTree = "<group>";
		};
		84CCA4761DF5450D00A42E03 /* Live */ = {
			isa = PBXGroup;
			children = (
				84CCA4881DF550C400A42E03 /* Live.storyboard */,
			);
			path = Live;
			sourceTree = "<group>";
		};
		84CCA4771DF5450D00A42E03 /* Main */ = {
			isa = PBXGroup;
			children = (
				8425E4211DF53BD4008EAFEF /* Main.storyboard */,
				84CCA4841DF54E5400A42E03 /* MainViewController.swift */,
			);
			path = Main;
			sourceTree = "<group>";
		};
		84CCA4781DF5450D00A42E03 /* Profile */ = {
			isa = PBXGroup;
			children = (
				84CCA48C1DF550DB00A42E03 /* Profile.storyboard */,
			);
			path = Profile;
			sourceTree = "<group>";
		};
		84CCA4791DF5450D00A42E03 /* Tools */ = {
			isa = PBXGroup;
			children = (
			);
			path = Tools;
			sourceTree = "<group>";
		};
/* End PBXGroup section */

/* Begin PBXNativeTarget section */
		8425E4191DF53BD4008EAFEF /* DY */ = {
			isa = PBXNativeTarget;
			buildConfigurationList = 8425E4421DF53BD5008EAFEF /* Build configuration list for PBXNativeTarget "DY" */;
			buildPhases = (
				8425E4161DF53BD4008EAFEF /* Sources */,
				8425E4171DF53BD4008EAFEF /* Frameworks */,
				8425E4181DF53BD4008EAFEF /* Resources */,
			);
			buildRules = (
			);
			dependencies = (
			);
			name = DY;
			productName = DY;
			productReference = 8425E41A1DF53BD4008EAFEF /* DY.app */;
			productType = "com.apple.product-type.application";
		};
		8425E42D1DF53BD5008EAFEF /* DYTests */ = {
			isa = PBXNativeTarget;
			buildConfigurationList = 8425E4451DF53BD5008EAFEF /* Build configuration list for PBXNativeTarget "DYTests" */;
			buildPhases = (
				8425E42A1DF53BD5008EAFEF /* Sources */,
				8425E42B1DF53BD5008EAFEF /* Frameworks */,
				8425E42C1DF53BD5008EAFEF /* Resources */,
			);
			buildRules = (
			);
			dependencies = (
				8425E4301DF53BD5008EAFEF /* PBXTargetDependency */,
			);
			name = DYTests;
			productName = DYTests;
			productReference = 8425E42E1DF53BD5008EAFEF /* DYTests.xctest */;
			productType = "com.apple.product-type.bundle.unit-test";
		};
		8425E4381DF53BD5008EAFEF /* DYUITests */ = {
			isa = PBXNativeTarget;
			buildConfigurationList = 8425E4481DF53BD5008EAFEF /* Build configuration list for PBXNativeTarget "DYUITests" */;
			buildPhases = (
				8425E4351DF53BD5008EAFEF /* Sources */,
				8425E4361DF53BD5008EAFEF /* Frameworks */,
				8425E4371DF53BD5008EAFEF /* Resources */,
			);
			buildRules = (
			);
			dependencies = (
				8425E43B1DF53BD5008EAFEF /* PBXTargetDependency */,
			);
			name = DYUITests;
			productName = DYUITests;
			productReference = 8425E4391DF53BD5008EAFEF /* DYUITests.xctest */;
			productType = "com.apple.product-type.bundle.ui-testing";
		};
/* End PBXNativeTarget section */

/* Begin PBXProject section */
		8425E4121DF53BD4008EAFEF /* Project object */ = {
			isa = PBXProject;
			attributes = {
				LastSwiftUpdateCheck = 0810;
				LastUpgradeCheck = 0810;
				ORGANIZATIONNAME = admin;
				TargetAttributes = {
					8425E4191DF53BD4008EAFEF = {
						CreatedOnToolsVersion = 8.1;
						DevelopmentTeam = YH4CD999MB;
						ProvisioningStyle = Automatic;
					};
					8425E42D1DF53BD5008EAFEF = {
						CreatedOnToolsVersion = 8.1;
						DevelopmentTeam = YH4CD999MB;
						ProvisioningStyle = Automatic;
						TestTargetID = 8425E4191DF53BD4008EAFEF;
					};
					8425E4381DF53BD5008EAFEF = {
						CreatedOnToolsVersion = 8.1;
						DevelopmentTeam = YH4CD999MB;
						ProvisioningStyle = Automatic;
						TestTargetID = 8425E4191DF53BD4008EAFEF;
					};
				};
			};
			buildConfigurationList = 8425E4151DF53BD4008EAFEF /* Build configuration list for PBXProject "DY" */;
			compatibilityVersion = "Xcode 3.2";
			developmentRegion = English;
			hasScannedForEncodings = 0;
			knownRegions = (
				en,
				Base,
			);
			mainGroup = 8425E4111DF53BD4008EAFEF;
			productRefGroup = 8425E41B1DF53BD4008EAFEF /* Products */;
			projectDirPath = "";
			projectRoot = "";
			targets = (
				8425E4191DF53BD4008EAFEF /* DY */,
				8425E42D1DF53BD5008EAFEF /* DYTests */,
				8425E4381DF53BD5008EAFEF /* DYUITests */,
			);
		};
/* End PBXProject section */

/* Begin PBXResourcesBuildPhase section */
		8425E4181DF53BD4008EAFEF /* Resources */ = {
			isa = PBXResourcesBuildPhase;
			buildActionMask = 2147483647;
			files = (
				8425E4281DF53BD4008EAFEF /* LaunchScreen.storyboard in Resources */,
				8425E4251DF53BD4008EAFEF /* Assets.xcassets in Resources */,
				8425E4231DF53BD4008EAFEF /* Main.storyboard in Resources */,
				84CCA4891DF550C400A42E03 /* Live.storyboard in Resources */,
				84CCA4871DF550AD00A42E03 /* Home.storyboard in Resources */,
				84CCA48D1DF550DB00A42E03 /* Profile.storyboard in Resources */,
				84CCA48B1DF550CE00A42E03 /* Follow.storyboard in Resources */,
			);
			runOnlyForDeploymentPostprocessing = 0;
		};
		8425E42C1DF53BD5008EAFEF /* Resources */ = {
			isa = PBXResourcesBuildPhase;
			buildActionMask = 2147483647;
			files = (
			);
			runOnlyForDeploymentPostprocessing = 0;
		};
		8425E4371DF53BD5008EAFEF /* Resources */ = {
			isa = PBXResourcesBuildPhase;
			buildActionMask = 2147483647;
			files = (
			);
			runOnlyForDeploymentPostprocessing = 0;
		};
/* End PBXResourcesBuildPhase section */

/* Begin PBXSourcesBuildPhase section */
		8425E4161DF53BD4008EAFEF /* Sources */ = {
			isa = PBXSourcesBuildPhase;
			buildActionMask = 2147483647;
			files = (
				8425E41E1DF53BD4008EAFEF /* AppDelegate.swift in Sources */,
				84CCA4851DF54E5400A42E03 /* MainViewController.swift in Sources */,
			);
			runOnlyForDeploymentPostprocessing = 0;
		};
		8425E42A1DF53BD5008EAFEF /* Sources */ = {
			isa = PBXSourcesBuildPhase;
			buildActionMask = 2147483647;
			files = (
				8425E4331DF53BD5008EAFEF /* DYTests.swift in Sources */,
			);
			runOnlyForDeploymentPostprocessing = 0;
		};
		8425E4351DF53BD5008EAFEF /* Sources */ = {
			isa = PBXSourcesBuildPhase;
			buildActionMask = 2147483647;
			files = (
				8425E43E1DF53BD5008EAFEF /* DYUITests.swift in Sources */,
			);
			runOnlyForDeploymentPostprocessing = 0;
		};
/* End PBXSourcesBuildPhase section */

/* Begin PBXTargetDependency section */
		8425E4301DF53BD5008EAFEF /* PBXTargetDependency */ = {
			isa = PBXTargetDependency;
			target = 8425E4191DF53BD4008EAFEF /* DY */;
			targetProxy = 8425E42F1DF53BD5008EAFEF /* PBXContainerItemProxy */;
		};
		8425E43B1DF53BD5008EAFEF /* PBXTargetDependency */ = {
			isa = PBXTargetDependency;
			target = 8425E4191DF53BD4008EAFEF /* DY */;
			targetProxy = 8425E43A1DF53BD5008EAFEF /* PBXContainerItemProxy */;
		};
/* End PBXTargetDependency section */

/* Begin PBXVariantGroup section */
		8425E4211DF53BD4008EAFEF /* Main.storyboard */ = {
			isa = PBXVariantGroup;
			children = (
				8425E4221DF53BD4008EAFEF /* Base */,
			);
			name = Main.storyboard;
			path = ../..;
			sourceTree = "<group>";
		};
		8425E4261DF53BD4008EAFEF /* LaunchScreen.storyboard */ = {
			isa = PBXVariantGroup;
			children = (
				8425E4271DF53BD4008EAFEF /* Base */,
			);
			name = LaunchScreen.storyboard;
			sourceTree = "<group>";
		};
/* End PBXVariantGroup section */

/* Begin XCBuildConfiguration section */
		8425E4401DF53BD5008EAFEF /* Debug */ = {
			isa = XCBuildConfiguration;
			buildSettings = {
				ALWAYS_SEARCH_USER_PATHS = NO;
				CLANG_ANALYZER_NONNULL = YES;
				CLANG_CXX_LANGUAGE_STANDARD = "gnu++0x";
				CLANG_CXX_LIBRARY = "libc++";
				CLANG_ENABLE_MODULES = YES;
				CLANG_ENABLE_OBJC_ARC = YES;
				CLANG_WARN_BOOL_CONVERSION = YES;
				CLANG_WARN_CONSTANT_CONVERSION = YES;
				CLANG_WARN_DIRECT_OBJC_ISA_USAGE = YES_ERROR;
				CLANG_WARN_DOCUMENTATION_COMMENTS = YES;
				CLANG_WARN_EMPTY_BODY = YES;
				CLANG_WARN_ENUM_CONVERSION = YES;
				CLANG_WARN_INFINITE_RECURSION = YES;
				CLANG_WARN_INT_CONVERSION = YES;
				CLANG_WARN_OBJC_ROOT_CLASS = YES_ERROR;
				CLANG_WARN_SUSPICIOUS_MOVES = YES;
				CLANG_WARN_UNREACHABLE_CODE = YES;
				CLANG_WARN__DUPLICATE_METHOD_MATCH = YES;
				"CODE_SIGN_IDENTITY[sdk=iphoneos*]" = "iPhone Developer";
				COPY_PHASE_STRIP = NO;
				DEBUG_INFORMATION_FORMAT = dwarf;
				ENABLE_STRICT_OBJC_MSGSEND = YES;
				ENABLE_TESTABILITY = YES;
				GCC_C_LANGUAGE_STANDARD = gnu99;
				GCC_DYNAMIC_NO_PIC = NO;
				GCC_NO_COMMON_BLOCKS = YES;
				GCC_OPTIMIZATION_LEVEL = 0;
				GCC_PREPROCESSOR_DEFINITIONS = (
					"DEBUG=1",
					"$(inherited)",
				);
				GCC_WARN_64_TO_32_BIT_CONVERSION = YES;
				GCC_WARN_ABOUT_RETURN_TYPE = YES_ERROR;
				GCC_WARN_UNDECLARED_SELECTOR = YES;
				GCC_WARN_UNINITIALIZED_AUTOS = YES_AGGRESSIVE;
				GCC_WARN_UNUSED_FUNCTION = YES;
				GCC_WARN_UNUSED_VARIABLE = YES;
				IPHONEOS_DEPLOYMENT_TARGET = 10.1;
				MTL_ENABLE_DEBUG_INFO = YES;
				ONLY_ACTIVE_ARCH = YES;
				SDKROOT = iphoneos;
				SWIFT_ACTIVE_COMPILATION_CONDITIONS = DEBUG;
				SWIFT_OPTIMIZATION_LEVEL = "-Onone";
				TARGETED_DEVICE_FAMILY = "1,2";
			};
			name = Debug;
		};
		8425E4411DF53BD5008EAFEF /* Release */ = {
			isa = XCBuildConfiguration;
			buildSettings = {
				ALWAYS_SEARCH_USER_PATHS = NO;
				CLANG_ANALYZER_NONNULL = YES;
				CLANG_CXX_LANGUAGE_STANDARD = "gnu++0x";
				CLANG_CXX_LIBRARY = "libc++";
				CLANG_ENABLE_MODULES = YES;
				CLANG_ENABLE_OBJC_ARC = YES;
				CLANG_WARN_BOOL_CONVERSION = YES;
				CLANG_WARN_CONSTANT_CONVERSION = YES;
				CLANG_WARN_DIRECT_OBJC_ISA_USAGE = YES_ERROR;
				CLANG_WARN_DOCUMENTATION_COMMENTS = YES;
				CLANG_WARN_EMPTY_BODY = YES;
				CLANG_WARN_ENUM_CONVERSION = YES;
				CLANG_WARN_INFINITE_RECURSION = YES;
				CLANG_WARN_INT_CONVERSION = YES;
				CLANG_WARN_OBJC_ROOT_CLASS = YES_ERROR;
				CLANG_WARN_SUSPICIOUS_MOVES = YES;
				CLANG_WARN_UNREACHABLE_CODE = YES;
				CLANG_WARN__DUPLICATE_METHOD_MATCH = YES;
				"CODE_SIGN_IDENTITY[sdk=iphoneos*]" = "iPhone Developer";
				COPY_PHASE_STRIP = NO;
				DEBUG_INFORMATION_FORMAT = "dwarf-with-dsym";
				ENABLE_NS_ASSERTIONS = NO;
				ENABLE_STRICT_OBJC_MSGSEND = YES;
				GCC_C_LANGUAGE_STANDARD = gnu99;
				GCC_NO_COMMON_BLOCKS = YES;
				GCC_WARN_64_TO_32_BIT_CONVERSION = YES;
				GCC_WARN_ABOUT_RETURN_TYPE = YES_ERROR;
				GCC_WARN_UNDECLARED_SELECTOR = YES;
				GCC_WARN_UNINITIALIZED_AUTOS = YES_AGGRESSIVE;
				GCC_WARN_UNUSED_FUNCTION = YES;
				GCC_WARN_UNUSED_VARIABLE = YES;
				IPHONEOS_DEPLOYMENT_TARGET = 10.1;
				MTL_ENABLE_DEBUG_INFO = NO;
				SDKROOT = iphoneos;
				SWIFT_OPTIMIZATION_LEVEL = "-Owholemodule";
				TARGETED_DEVICE_FAMILY = "1,2";
				VALIDATE_PRODUCT = YES;
			};
			name = Release;
		};
		8425E4431DF53BD5008EAFEF /* Debug */ = {
			isa = XCBuildConfiguration;
			buildSettings = {
				ASSETCATALOG_COMPILER_APPICON_NAME = AppIcon;
				ASSETCATALOG_COMPILER_LAUNCHIMAGE_NAME = LaunchImage;
				DEVELOPMENT_TEAM = YH4CD999MB;
				INFOPLIST_FILE = DY/Info.plist;
				IPHONEOS_DEPLOYMENT_TARGET = 9.0;
				LD_RUNPATH_SEARCH_PATHS = "$(inherited) @executable_path/Frameworks";
				PRODUCT_BUNDLE_IDENTIFIER = wwwwww.DY;
				PRODUCT_NAME = "$(TARGET_NAME)";
				SWIFT_VERSION = 3.0;
			};
			name = Debug;
		};
		8425E4441DF53BD5008EAFEF /* Release */ = {
			isa = XCBuildConfiguration;
			buildSettings = {
				ASSETCATALOG_COMPILER_APPICON_NAME = AppIcon;
				ASSETCATALOG_COMPILER_LAUNCHIMAGE_NAME = LaunchImage;
				DEVELOPMENT_TEAM = YH4CD999MB;
				INFOPLIST_FILE = DY/Info.plist;
				IPHONEOS_DEPLOYMENT_TARGET = 9.0;
				LD_RUNPATH_SEARCH_PATHS = "$(inherited) @executable_path/Frameworks";
				PRODUCT_BUNDLE_IDENTIFIER = wwwwww.DY;
				PRODUCT_NAME = "$(TARGET_NAME)";
				SWIFT_VERSION = 3.0;
			};
			name = Release;
		};
		8425E4461DF53BD5008EAFEF /* Debug */ = {
			isa = XCBuildConfiguration;
			buildSettings = {
				ALWAYS_EMBED_SWIFT_STANDARD_LIBRARIES = YES;
				BUNDLE_LOADER = "$(TEST_HOST)";
				DEVELOPMENT_TEAM = YH4CD999MB;
				INFOPLIST_FILE = DYTests/Info.plist;
				LD_RUNPATH_SEARCH_PATHS = "$(inherited) @executable_path/Frameworks @loader_path/Frameworks";
				PRODUCT_BUNDLE_IDENTIFIER = wwwwww.DYTests;
				PRODUCT_NAME = "$(TARGET_NAME)";
				SWIFT_VERSION = 3.0;
				TEST_HOST = "$(BUILT_PRODUCTS_DIR)/DY.app/DY";
			};
			name = Debug;
		};
		8425E4471DF53BD5008EAFEF /* Release */ = {
			isa = XCBuildConfiguration;
			buildSettings = {
				ALWAYS_EMBED_SWIFT_STANDARD_LIBRARIES = YES;
				BUNDLE_LOADER = "$(TEST_HOST)";
				DEVELOPMENT_TEAM = YH4CD999MB;
				INFOPLIST_FILE = DYTests/Info.plist;
				LD_RUNPATH_SEARCH_PATHS = "$(inherited) @executable_path/Frameworks @loader_path/Frameworks";
				PRODUCT_BUNDLE_IDENTIFIER = wwwwww.DYTests;
				PRODUCT_NAME = "$(TARGET_NAME)";
				SWIFT_VERSION = 3.0;
				TEST_HOST = "$(BUILT_PRODUCTS_DIR)/DY.app/DY";
			};
			name = Release;
		};
		8425E4491DF53BD5008EAFEF /* Debug */ = {
			isa = XCBuildConfiguration;
			buildSettings = {
				ALWAYS_EMBED_SWIFT_STANDARD_LIBRARIES = YES;
				DEVELOPMENT_TEAM = YH4CD999MB;
				INFOPLIST_FILE = DYUITests/Info.plist;
				LD_RUNPATH_SEARCH_PATHS = "$(inherited) @executable_path/Frameworks @loader_path/Frameworks";
				PRODUCT_BUNDLE_IDENTIFIER = wwwwww.DYUITests;
				PRODUCT_NAME = "$(TARGET_NAME)";
				SWIFT_VERSION = 3.0;
				TEST_TARGET_NAME = DY;
			};
			name = Debug;
		};
		8425E44A1DF53BD5008EAFEF /* Release */ = {
			isa = XCBuildConfiguration;
			buildSettings = {
				ALWAYS_EMBED_SWIFT_STANDARD_LIBRARIES = YES;
				DEVELOPMENT_TEAM = YH4CD999MB;
				INFOPLIST_FILE = DYUITests/Info.plist;
				LD_RUNPATH_SEARCH_PATHS = "$(inherited) @executable_path/Frameworks @loader_path/Frameworks";
				PRODUCT_BUNDLE_IDENTIFIER = wwwwww.DYUITests;
				PRODUCT_NAME = "$(TARGET_NAME)";
				SWIFT_VERSION = 3.0;
				TEST_TARGET_NAME = DY;
			};
			name = Release;
		};
/* End XCBuildConfiguration section */

/* Begin XCConfigurationList section */
		8425E4151DF53BD4008EAFEF /* Build configuration list for PBXProject "DY" */ = {
			isa = XCConfigurationList;
			buildConfigurations = (
				8425E4401DF53BD5008EAFEF /* Debug */,
				8425E4411DF53BD5008EAFEF /* Release */,
			);
			defaultConfigurationIsVisible = 0;
			defaultConfigurationName = Release;
		};
		8425E4421DF53BD5008EAFEF /* Build configuration list for PBXNativeTarget "DY" */ = {
			isa = XCConfigurationList;
			buildConfigurations = (
				8425E4431DF53BD5008EAFEF /* Debug */,
				8425E4441DF53BD5008EAFEF /* Release */,
			);
			defaultConfigurationIsVisible = 0;
			defaultConfigurationName = Release;
		};
		8425E4451DF53BD5008EAFEF /* Build configuration list for PBXNativeTarget "DYTests" */ = {
			isa = XCConfigurationList;
			buildConfigurations = (
				8425E4461DF53BD5008EAFEF /* Debug */,
				8425E4471DF53BD5008EAFEF /* Release */,
			);
			defaultConfigurationIsVisible = 0;
			defaultConfigurationName = Release;
		};
		8425E4481DF53BD5008EAFEF /* Build configuration list for PBXNativeTarget "DYUITests" */ = {
			isa = XCConfigurationList;
			buildConfigurations = (
				8425E4491DF53BD5008EAFEF /* Debug */,
				8425E44A1DF53BD5008EAFEF /* Release */,
			);
			defaultConfigurationIsVisible = 0;
			defaultConfigurationName = Release;
		};
/* End XCConfigurationList section */
	};
	rootObject = 8425E4121DF53BD4008EAFEF /* Project object */;
}
