// !$*UTF8*$!
{
	archiveVersion = 1;
	classes = {
	};
	objectVersion = 46;
	objects = {

/* Begin PBXBuildFile section */
		8425E3AA1DF53AD6008EAFEF /* AppDelegate.swift in Sources */ = {isa = PBXBuildFile; fileRef = 8425E3A91DF53AD6008EAFEF /* AppDelegate.swift */; };
		8425E3AC1DF53AD6008EAFEF /* ViewController.swift in Sources */ = {isa = PBXBuildFile; fileRef = 8425E3AB1DF53AD6008EAFEF /* ViewController.swift */; };
		8425E3AF1DF53AD6008EAFEF /* Main.storyboard in Resources */ = {isa = PBXBuildFile; fileRef = 8425E3AD1DF53AD6008EAFEF /* Main.storyboard */; };
		8425E3B11DF53AD6008EAFEF /* Assets.xcassets in Resources */ = {isa = PBXBuildFile; fileRef = 8425E3B01DF53AD6008EAFEF /* Assets.xcassets */; };
		8425E3B41DF53AD6008EAFEF /* LaunchScreen.storyboard in Resources */ = {isa = PBXBuildFile; fileRef = 8425E3B21DF53AD6008EAFEF /* LaunchScreen.storyboard */; };
		8425E3BF1DF53AD6008EAFEF /* DYZBTests.swift in Sources */ = {isa = PBXBuildFile; fileRef = 8425E3BE1DF53AD6008EAFEF /* DYZBTests.swift */; };
		8425E3CA1DF53AD6008EAFEF /* DYZBUITests.swift in Sources */ = {isa = PBXBuildFile; fileRef = 8425E3C91DF53AD6008EAFEF /* DYZBUITests.swift */; };
/* End PBXBuildFile section */

/* Begin PBXContainerItemProxy section */
		8425E3BB1DF53AD6008EAFEF /* PBXContainerItemProxy */ = {
			isa = PBXContainerItemProxy;
			containerPortal = 8425E39E1DF53AD6008EAFEF /* Project object */;
			proxyType = 1;
			remoteGlobalIDString = 8425E3A51DF53AD6008EAFEF;
			remoteInfo = DYZB;
		};
		8425E3C61DF53AD6008EAFEF /* PBXContainerItemProxy */ = {
			isa = PBXContainerItemProxy;
			containerPortal = 8425E39E1DF53AD6008EAFEF /* Project object */;
			proxyType = 1;
			remoteGlobalIDString = 8425E3A51DF53AD6008EAFEF;
			remoteInfo = DYZB;
		};
/* End PBXContainerItemProxy section */

/* Begin PBXFileReference section */
		8425E3A61DF53AD6008EAFEF /* DYZB.app */ = {isa = PBXFileReference; explicitFileType = wrapper.application; includeInIndex = 0; path = DYZB.app; sourceTree = BUILT_PRODUCTS_DIR; };
		8425E3A91DF53AD6008EAFEF /* AppDelegate.swift */ = {isa = PBXFileReference; lastKnownFileType = sourcecode.swift; path = AppDelegate.swift; sourceTree = "<group>"; };
		8425E3AB1DF53AD6008EAFEF /* ViewController.swift */ = {isa = PBXFileReference; lastKnownFileType = sourcecode.swift; path = ViewController.swift; sourceTree = "<group>"; };
		8425E3AE1DF53AD6008EAFEF /* Base */ = {isa = PBXFileReference; lastKnownFileType = file.storyboard; name = Base; path = Base.lproj/Main.storyboard; sourceTree = "<group>"; };
		8425E3B01DF53AD6008EAFEF /* Assets.xcassets */ = {isa = PBXFileReference; lastKnownFileType = folder.assetcatalog; path = Assets.xcassets; sourceTree = "<group>"; };
		8425E3B31DF53AD6008EAFEF /* Base */ = {isa = PBXFileReference; lastKnownFileType = file.storyboard; name = Base; path = Base.lproj/LaunchScreen.storyboard; sourceTree = "<group>"; };
		8425E3B51DF53AD6008EAFEF /* Info.plist */ = {isa = PBXFileReference; lastKnownFileType = text.plist.xml; path = Info.plist; sourceTree = "<group>"; };
		8425E3BA1DF53AD6008EAFEF /* DYZBTests.xctest */ = {isa = PBXFileReference; explicitFileType = wrapper.cfbundle; includeInIndex = 0; path = DYZBTests.xctest; sourceTree = BUILT_PRODUCTS_DIR; };
		8425E3BE1DF53AD6008EAFEF /* DYZBTests.swift */ = {isa = PBXFileReference; lastKnownFileType = sourcecode.swift; path = DYZBTests.swift; sourceTree = "<group>"; };
		8425E3C01DF53AD6008EAFEF /* Info.plist */ = {isa = PBXFileReference; lastKnownFileType = text.plist.xml; path = Info.plist; sourceTree = "<group>"; };
		8425E3C51DF53AD6008EAFEF /* DYZBUITests.xctest */ = {isa = PBXFileReference; explicitFileType = wrapper.cfbundle; includeInIndex = 0; path = DYZBUITests.xctest; sourceTree = BUILT_PRODUCTS_DIR; };
		8425E3C91DF53AD6008EAFEF /* DYZBUITests.swift */ = {isa = PBXFileReference; lastKnownFileType = sourcecode.swift; path = DYZBUITests.swift; sourceTree = "<group>"; };
		8425E3CB1DF53AD6008EAFEF /* Info.plist */ = {isa = PBXFileReference; lastKnownFileType = text.plist.xml; path = Info.plist; sourceTree = "<group>"; };
/* End PBXFileReference section */

/* Begin PBXFrameworksBuildPhase section */
		8425E3A31DF53AD6008EAFEF /* Frameworks */ = {
			isa = PBXFrameworksBuildPhase;
			buildActionMask = 2147483647;
			files = (
			);
			runOnlyForDeploymentPostprocessing = 0;
		};
		8425E3B71DF53AD6008EAFEF /* Frameworks */ = {
			isa = PBXFrameworksBuildPhase;
			buildActionMask = 2147483647;
			files = (
			);
			runOnlyForDeploymentPostprocessing = 0;
		};
		8425E3C21DF53AD6008EAFEF /* Frameworks */ = {
			isa = PBXFrameworksBuildPhase;
			buildActionMask = 2147483647;
			files = (
			);
			runOnlyForDeploymentPostprocessing = 0;
		};
/* End PBXFrameworksBuildPhase section */

/* Begin PBXGroup section */
		8425E39D1DF53AD6008EAFEF = {
			isa = PBXGroup;
			children = (
				8425E3A81DF53AD6008EAFEF /* DYZB */,
				8425E3BD1DF53AD6008EAFEF /* DYZBTests */,
				8425E3C81DF53AD6008EAFEF /* DYZBUITests */,
				8425E3A71DF53AD6008EAFEF /* Products */,
			);
			sourceTree = "<group>";
		};
		8425E3A71DF53AD6008EAFEF /* Products */ = {
			isa = PBXGroup;
			children = (
				8425E3A61DF53AD6008EAFEF /* DYZB.app */,
				8425E3BA1DF53AD6008EAFEF /* DYZBTests.xctest */,
				8425E3C51DF53AD6008EAFEF /* DYZBUITests.xctest */,
			);
			name = Products;
			sourceTree = "<group>";
		};
		8425E3A81DF53AD6008EAFEF /* DYZB */ = {
			isa = PBXGroup;
			children = (
				8425E3A91DF53AD6008EAFEF /* AppDelegate.swift */,
				8425E3AB1DF53AD6008EAFEF /* ViewController.swift */,
				8425E3AD1DF53AD6008EAFEF /* Main.storyboard */,
				8425E3B01DF53AD6008EAFEF /* Assets.xcassets */,
				8425E3B21DF53AD6008EAFEF /* LaunchScreen.storyboard */,
				8425E3B51DF53AD6008EAFEF /* Info.plist */,
			);
			path = DYZB;
			sourceTree = "<group>";
		};
		8425E3BD1DF53AD6008EAFEF /* DYZBTests */ = {
			isa = PBXGroup;
			children = (
				8425E3BE1DF53AD6008EAFEF /* DYZBTests.swift */,
				8425E3C01DF53AD6008EAFEF /* Info.plist */,
			);
			path = DYZBTests;
			sourceTree = "<group>";
		};
		8425E3C81DF53AD6008EAFEF /* DYZBUITests */ = {
			isa = PBXGroup;
			children = (
				8425E3C91DF53AD6008EAFEF /* DYZBUITests.swift */,
				8425E3CB1DF53AD6008EAFEF /* Info.plist */,
			);
			path = DYZBUITests;
			sourceTree = "<group>";
		};
/* End PBXGroup section */

/* Begin PBXNativeTarget section */
		8425E3A51DF53AD6008EAFEF /* DYZB */ = {
			isa = PBXNativeTarget;
			buildConfigurationList = 8425E3CE1DF53AD6008EAFEF /* Build configuration list for PBXNativeTarget "DYZB" */;
			buildPhases = (
				8425E3A21DF53AD6008EAFEF /* Sources */,
				8425E3A31DF53AD6008EAFEF /* Frameworks */,
				8425E3A41DF53AD6008EAFEF /* Resources */,
			);
			buildRules = (
			);
			dependencies = (
			);
			name = DYZB;
			productName = DYZB;
			productReference = 8425E3A61DF53AD6008EAFEF /* DYZB.app */;
			productType = "com.apple.product-type.application";
		};
		8425E3B91DF53AD6008EAFEF /* DYZBTests */ = {
			isa = PBXNativeTarget;
			buildConfigurationList = 8425E3D11DF53AD6008EAFEF /* Build configuration list for PBXNativeTarget "DYZBTests" */;
			buildPhases = (
				8425E3B61DF53AD6008EAFEF /* Sources */,
				8425E3B71DF53AD6008EAFEF /* Frameworks */,
				8425E3B81DF53AD6008EAFEF /* Resources */,
			);
			buildRules = (
			);
			dependencies = (
				8425E3BC1DF53AD6008EAFEF /* PBXTargetDependency */,
			);
			name = DYZBTests;
			productName = DYZBTests;
			productReference = 8425E3BA1DF53AD6008EAFEF /* DYZBTests.xctest */;
			productType = "com.apple.product-type.bundle.unit-test";
		};
		8425E3C41DF53AD6008EAFEF /* DYZBUITests */ = {
			isa = PBXNativeTarget;
			buildConfigurationList = 8425E3D41DF53AD6008EAFEF /* Build configuration list for PBXNativeTarget "DYZBUITests" */;
			buildPhases = (
				8425E3C11DF53AD6008EAFEF /* Sources */,
				8425E3C21DF53AD6008EAFEF /* Frameworks */,
				8425E3C31DF53AD6008EAFEF /* Resources */,
			);
			buildRules = (
			);
			dependencies = (
				8425E3C71DF53AD6008EAFEF /* PBXTargetDependency */,
			);
			name = DYZBUITests;
			productName = DYZBUITests;
			productReference = 8425E3C51DF53AD6008EAFEF /* DYZBUITests.xctest */;
			productType = "com.apple.product-type.bundle.ui-testing";
		};
/* End PBXNativeTarget section */

/* Begin PBXProject section */
		8425E39E1DF53AD6008EAFEF /* Project object */ = {
			isa = PBXProject;
			attributes = {
				LastSwiftUpdateCheck = 0810;
				LastUpgradeCheck = 0810;
				ORGANIZATIONNAME = admin;
				TargetAttributes = {
					8425E3A51DF53AD6008EAFEF = {
						CreatedOnToolsVersion = 8.1;
						DevelopmentTeam = YH4CD999MB;
						ProvisioningStyle = Automatic;
					};
					8425E3B91DF53AD6008EAFEF = {
						CreatedOnToolsVersion = 8.1;
						DevelopmentTeam = YH4CD999MB;
						ProvisioningStyle = Automatic;
						TestTargetID = 8425E3A51DF53AD6008EAFEF;
					};
					8425E3C41DF53AD6008EAFEF = {
						CreatedOnToolsVersion = 8.1;
						DevelopmentTeam = YH4CD999MB;
						ProvisioningStyle = Automatic;
						TestTargetID = 8425E3A51DF53AD6008EAFEF;
					};
				};
			};
			buildConfigurationList = 8425E3A11DF53AD6008EAFEF /* Build configuration list for PBXProject "DYZB" */;
			compatibilityVersion = "Xcode 3.2";
			developmentRegion = English;
			hasScannedForEncodings = 0;
			knownRegions = (
				en,
				Base,
			);
			mainGroup = 8425E39D1DF53AD6008EAFEF;
			productRefGroup = 8425E3A71DF53AD6008EAFEF /* Products */;
			projectDirPath = "";
			projectRoot = "";
			targets = (
				8425E3A51DF53AD6008EAFEF /* DYZB */,
				8425E3B91DF53AD6008EAFEF /* DYZBTests */,
				8425E3C41DF53AD6008EAFEF /* DYZBUITests */,
			);
		};
/* End PBXProject section */

/* Begin PBXResourcesBuildPhase section */
		8425E3A41DF53AD6008EAFEF /* Resources */ = {
			isa = PBXResourcesBuildPhase;
			buildActionMask = 2147483647;
			files = (
				8425E3B41DF53AD6008EAFEF /* LaunchScreen.storyboard in Resources */,
				8425E3B11DF53AD6008EAFEF /* Assets.xcassets in Resources */,
				8425E3AF1DF53AD6008EAFEF /* Main.storyboard in Resources */,
			);
			runOnlyForDeploymentPostprocessing = 0;
		};
		8425E3B81DF53AD6008EAFEF /* Resources */ = {
			isa = PBXResourcesBuildPhase;
			buildActionMask = 2147483647;
			files = (
			);
			runOnlyForDeploymentPostprocessing = 0;
		};
		8425E3C31DF53AD6008EAFEF /* Resources */ = {
			isa = PBXResourcesBuildPhase;
			buildActionMask = 2147483647;
			files = (
			);
			runOnlyForDeploymentPostprocessing = 0;
		};
/* End PBXResourcesBuildPhase section */

/* Begin PBXSourcesBuildPhase section */
		8425E3A21DF53AD6008EAFEF /* Sources */ = {
			isa = PBXSourcesBuildPhase;
			buildActionMask = 2147483647;
			files = (
				8425E3AC1DF53AD6008EAFEF /* ViewController.swift in Sources */,
				8425E3AA1DF53AD6008EAFEF /* AppDelegate.swift in Sources */,
			);
			runOnlyForDeploymentPostprocessing = 0;
		};
		8425E3B61DF53AD6008EAFEF /* Sources */ = {
			isa = PBXSourcesBuildPhase;
			buildActionMask = 2147483647;
			files = (
				8425E3BF1DF53AD6008EAFEF /* DYZBTests.swift in Sources */,
			);
			runOnlyForDeploymentPostprocessing = 0;
		};
		8425E3C11DF53AD6008EAFEF /* Sources */ = {
			isa = PBXSourcesBuildPhase;
			buildActionMask = 2147483647;
			files = (
				8425E3CA1DF53AD6008EAFEF /* DYZBUITests.swift in Sources */,
			);
			runOnlyForDeploymentPostprocessing = 0;
		};
/* End PBXSourcesBuildPhase section */

/* Begin PBXTargetDependency section */
		8425E3BC1DF53AD6008EAFEF /* PBXTargetDependency */ = {
			isa = PBXTargetDependency;
			target = 8425E3A51DF53AD6008EAFEF /* DYZB */;
			targetProxy = 8425E3BB1DF53AD6008EAFEF /* PBXContainerItemProxy */;
		};
		8425E3C71DF53AD6008EAFEF /* PBXTargetDependency */ = {
			isa = PBXTargetDependency;
			target = 8425E3A51DF53AD6008EAFEF /* DYZB */;
			targetProxy = 8425E3C61DF53AD6008EAFEF /* PBXContainerItemProxy */;
		};
/* End PBXTargetDependency section */

/* Begin PBXVariantGroup section */
		8425E3AD1DF53AD6008EAFEF /* Main.storyboard */ = {
			isa = PBXVariantGroup;
			children = (
				8425E3AE1DF53AD6008EAFEF /* Base */,
			);
			name = Main.storyboard;
			sourceTree = "<group>";
		};
		8425E3B21DF53AD6008EAFEF /* LaunchScreen.storyboard */ = {
			isa = PBXVariantGroup;
			children = (
				8425E3B31DF53AD6008EAFEF /* Base */,
			);
			name = LaunchScreen.storyboard;
			sourceTree = "<group>";
		};
/* End PBXVariantGroup section */

/* Begin XCBuildConfiguration section */
		8425E3CC1DF53AD6008EAFEF /* Debug */ = {
			isa = XCBuildConfiguration;
			buildSettings = {
				ALWAYS_SEARCH_USER_PATHS = NO;
				CLANG_ANALYZER_NONNULL = YES;
				CLANG_CXX_LANGUAGE_STANDARD = "gnu++0x";
				CLANG_CXX_LIBRARY = "libc++";
				CLANG_ENABLE_MODULES = YES;
				CLANG_ENABLE_OBJC_ARC = YES;
				CLANG_WARN_BOOL_CONVERSION = YES;
				CLANG_WARN_CONSTANT_CONVERSION = YES;
				CLANG_WARN_DIRECT_OBJC_ISA_USAGE = YES_ERROR;
				CLANG_WARN_DOCUMENTATION_COMMENTS = YES;
				CLANG_WARN_EMPTY_BODY = YES;
				CLANG_WARN_ENUM_CONVERSION = YES;
				CLANG_WARN_INFINITE_RECURSION = YES;
				CLANG_WARN_INT_CONVERSION = YES;
				CLANG_WARN_OBJC_ROOT_CLASS = YES_ERROR;
				CLANG_WARN_SUSPICIOUS_MOVES = YES;
				CLANG_WARN_UNREACHABLE_CODE = YES;
				CLANG_WARN__DUPLICATE_METHOD_MATCH = YES;
				"CODE_SIGN_IDENTITY[sdk=iphoneos*]" = "iPhone Developer";
				COPY_PHASE_STRIP = NO;
				DEBUG_INFORMATION_FORMAT = dwarf;
				ENABLE_STRICT_OBJC_MSGSEND = YES;
				ENABLE_TESTABILITY = YES;
				GCC_C_LANGUAGE_STANDARD = gnu99;
				GCC_DYNAMIC_NO_PIC = NO;
				GCC_NO_COMMON_BLOCKS = YES;
				GCC_OPTIMIZATION_LEVEL = 0;
				GCC_PREPROCESSOR_DEFINITIONS = (
					"DEBUG=1",
					"$(inherited)",
				);
				GCC_WARN_64_TO_32_BIT_CONVERSION = YES;
				GCC_WARN_ABOUT_RETURN_TYPE = YES_ERROR;
				GCC_WARN_UNDECLARED_SELECTOR = YES;
				GCC_WARN_UNINITIALIZED_AUTOS = YES_AGGRESSIVE;
				GCC_WARN_UNUSED_FUNCTION = YES;
				GCC_WARN_UNUSED_VARIABLE = YES;
				IPHONEOS_DEPLOYMENT_TARGET = 10.1;
				MTL_ENABLE_DEBUG_INFO = YES;
				ONLY_ACTIVE_ARCH = YES;
				SDKROOT = iphoneos;
				SWIFT_ACTIVE_COMPILATION_CONDITIONS = DEBUG;
				SWIFT_OPTIMIZATION_LEVEL = "-Onone";
				TARGETED_DEVICE_FAMILY = "1,2";
			};
			name = Debug;
		};
		8425E3CD1DF53AD6008EAFEF /* Release */ = {
			isa = XCBuildConfiguration;
			buildSettings = {
				ALWAYS_SEARCH_USER_PATHS = NO;
				CLANG_ANALYZER_NONNULL = YES;
				CLANG_CXX_LANGUAGE_STANDARD = "gnu++0x";
				CLANG_CXX_LIBRARY = "libc++";
				CLANG_ENABLE_MODULES = YES;
				CLANG_ENABLE_OBJC_ARC = YES;
				CLANG_WARN_BOOL_CONVERSION = YES;
				CLANG_WARN_CONSTANT_CONVERSION = YES;
				CLANG_WARN_DIRECT_OBJC_ISA_USAGE = YES_ERROR;
				CLANG_WARN_DOCUMENTATION_COMMENTS = YES;
				CLANG_WARN_EMPTY_BODY = YES;
				CLANG_WARN_ENUM_CONVERSION = YES;
				CLANG_WARN_INFINITE_RECURSION = YES;
				CLANG_WARN_INT_CONVERSION = YES;
				CLANG_WARN_OBJC_ROOT_CLASS = YES_ERROR;
				CLANG_WARN_SUSPICIOUS_MOVES = YES;
				CLANG_WARN_UNREACHABLE_CODE = YES;
				CLANG_WARN__DUPLICATE_METHOD_MATCH = YES;
				"CODE_SIGN_IDENTITY[sdk=iphoneos*]" = "iPhone Developer";
				COPY_PHASE_STRIP = NO;
				DEBUG_INFORMATION_FORMAT = "dwarf-with-dsym";
				ENABLE_NS_ASSERTIONS = NO;
				ENABLE_STRICT_OBJC_MSGSEND = YES;
				GCC_C_LANGUAGE_STANDARD = gnu99;
				GCC_NO_COMMON_BLOCKS = YES;
				GCC_WARN_64_TO_32_BIT_CONVERSION = YES;
				GCC_WARN_ABOUT_RETURN_TYPE = YES_ERROR;
				GCC_WARN_UNDECLARED_SELECTOR = YES;
				GCC_WARN_UNINITIALIZED_AUTOS = YES_AGGRESSIVE;
				GCC_WARN_UNUSED_FUNCTION = YES;
				GCC_WARN_UNUSED_VARIABLE = YES;
				IPHONEOS_DEPLOYMENT_TARGET = 10.1;
				MTL_ENABLE_DEBUG_INFO = NO;
				SDKROOT = iphoneos;
				SWIFT_OPTIMIZATION_LEVEL = "-Owholemodule";
				TARGETED_DEVICE_FAMILY = "1,2";
				VALIDATE_PRODUCT = YES;
			};
			name = Release;
		};
		8425E3CF1DF53AD6008EAFEF /* Debug */ = {
			isa = XCBuildConfiguration;
			buildSettings = {
				ASSETCATALOG_COMPILER_APPICON_NAME = AppIcon;
				DEVELOPMENT_TEAM = YH4CD999MB;
				INFOPLIST_FILE = DYZB/Info.plist;
				LD_RUNPATH_SEARCH_PATHS = "$(inherited) @executable_path/Frameworks";
				PRODUCT_BUNDLE_IDENTIFIER = wwwwww.DYZB;
				PRODUCT_NAME = "$(TARGET_NAME)";
				SWIFT_VERSION = 3.0;
			};
			name = Debug;
		};
		8425E3D01DF53AD6008EAFEF /* Release */ = {
			isa = XCBuildConfiguration;
			buildSettings = {
				ASSETCATALOG_COMPILER_APPICON_NAME = AppIcon;
				DEVELOPMENT_TEAM = YH4CD999MB;
				INFOPLIST_FILE = DYZB/Info.plist;
				LD_RUNPATH_SEARCH_PATHS = "$(inherited) @executable_path/Frameworks";
				PRODUCT_BUNDLE_IDENTIFIER = wwwwww.DYZB;
				PRODUCT_NAME = "$(TARGET_NAME)";
				SWIFT_VERSION = 3.0;
			};
			name = Release;
		};
		8425E3D21DF53AD6008EAFEF /* Debug */ = {
			isa = XCBuildConfiguration;
			buildSettings = {
				ALWAYS_EMBED_SWIFT_STANDARD_LIBRARIES = YES;
				BUNDLE_LOADER = "$(TEST_HOST)";
				DEVELOPMENT_TEAM = YH4CD999MB;
				INFOPLIST_FILE = DYZBTests/Info.plist;
				LD_RUNPATH_SEARCH_PATHS = "$(inherited) @executable_path/Frameworks @loader_path/Frameworks";
				PRODUCT_BUNDLE_IDENTIFIER = wwwwww.DYZBTests;
				PRODUCT_NAME = "$(TARGET_NAME)";
				SWIFT_VERSION = 3.0;
				TEST_HOST = "$(BUILT_PRODUCTS_DIR)/DYZB.app/DYZB";
			};
			name = Debug;
		};
		8425E3D31DF53AD6008EAFEF /* Release */ = {
			isa = XCBuildConfiguration;
			buildSettings = {
				ALWAYS_EMBED_SWIFT_STANDARD_LIBRARIES = YES;
				BUNDLE_LOADER = "$(TEST_HOST)";
				DEVELOPMENT_TEAM = YH4CD999MB;
				INFOPLIST_FILE = DYZBTests/Info.plist;
				LD_RUNPATH_SEARCH_PATHS = "$(inherited) @executable_path/Frameworks @loader_path/Frameworks";
				PRODUCT_BUNDLE_IDENTIFIER = wwwwww.DYZBTests;
				PRODUCT_NAME = "$(TARGET_NAME)";
				SWIFT_VERSION = 3.0;
				TEST_HOST = "$(BUILT_PRODUCTS_DIR)/DYZB.app/DYZB";
			};
			name = Release;
		};
		8425E3D51DF53AD6008EAFEF /* Debug */ = {
			isa = XCBuildConfiguration;
			buildSettings = {
				ALWAYS_EMBED_SWIFT_STANDARD_LIBRARIES = YES;
				DEVELOPMENT_TEAM = YH4CD999MB;
				INFOPLIST_FILE = DYZBUITests/Info.plist;
				LD_RUNPATH_SEARCH_PATHS = "$(inherited) @executable_path/Frameworks @loader_path/Frameworks";
				PRODUCT_BUNDLE_IDENTIFIER = wwwwww.DYZBUITests;
				PRODUCT_NAME = "$(TARGET_NAME)";
				SWIFT_VERSION = 3.0;
				TEST_TARGET_NAME = DYZB;
			};
			name = Debug;
		};
		8425E3D61DF53AD6008EAFEF /* Release */ = {
			isa = XCBuildConfiguration;
			buildSettings = {
				ALWAYS_EMBED_SWIFT_STANDARD_LIBRARIES = YES;
				DEVELOPMENT_TEAM = YH4CD999MB;
				INFOPLIST_FILE = DYZBUITests/Info.plist;
				LD_RUNPATH_SEARCH_PATHS = "$(inherited) @executable_path/Frameworks @loader_path/Frameworks";
				PRODUCT_BUNDLE_IDENTIFIER = wwwwww.DYZBUITests;
				PRODUCT_NAME = "$(TARGET_NAME)";
				SWIFT_VERSION = 3.0;
				TEST_TARGET_NAME = DYZB;
			};
			name = Release;
		};
/* End XCBuildConfiguration section */

/* Begin XCConfigurationList section */
		8425E3A11DF53AD6008EAFEF /* Build configuration list for PBXProject "DYZB" */ = {
			isa = XCConfigurationList;
			buildConfigurations = (
				8425E3CC1DF53AD6008EAFEF /* Debug */,
				8425E3CD1DF53AD6008EAFEF /* Release */,
			);
			defaultConfigurationIsVisible = 0;
			defaultConfigurationName = Release;
		};
		8425E3CE1DF53AD6008EAFEF /* Build configuration list for PBXNativeTarget "DYZB" */ = {
			isa = XCConfigurationList;
			buildConfigurations = (
				8425E3CF1DF53AD6008EAFEF /* Debug */,
				8425E3D01DF53AD6008EAFEF /* Release */,
			);
			defaultConfigurationIsVisible = 0;
		};
		8425E3D11DF53AD6008EAFEF /* Build configuration list for PBXNativeTarget "DYZBTests" */ = {
			isa = XCConfigurationList;
			buildConfigurations = (
				8425E3D21DF53AD6008EAFEF /* Debug */,
				8425E3D31DF53AD6008EAFEF /* Release */,
			);
			defaultConfigurationIsVisible = 0;
		};
		8425E3D41DF53AD6008EAFEF /* Build configuration list for PBXNativeTarget "DYZBUITests" */ = {
			isa = XCConfigurationList;
			buildConfigurations = (
				8425E3D51DF53AD6008EAFEF /* Debug */,
				8425E3D61DF53AD6008EAFEF /* Release */,
			);
			defaultConfigurationIsVisible = 0;
		};
/* End XCConfigurationList section */
	};
	rootObject = 8425E39E1DF53AD6008EAFEF /* Project object */;
}
